// !$*UTF8*$!
{
	archiveVersion = 1;
	classes = {
	};
	objectVersion = 46;
	objects = {

/* Begin PBXBuildFile section */
		006D720419952D00008149E2 /* AVFoundation.framework in Frameworks */ = {isa = PBXBuildFile; fileRef = 006D720219952D00008149E2 /* AVFoundation.framework */; };
		006D720519952D00008149E2 /* CoreMedia.framework in Frameworks */ = {isa = PBXBuildFile; fileRef = 006D720319952D00008149E2 /* CoreMedia.framework */; };
		0091D8F90E81B9330029341E /* OpenGL.framework in Frameworks */ = {isa = PBXBuildFile; fileRef = 0091D8F80E81B9330029341E /* OpenGL.framework */; };
		00B784B30FF439BC000DE1D7 /* Accelerate.framework in Frameworks */ = {isa = PBXBuildFile; fileRef = 00B784AF0FF439BC000DE1D7 /* Accelerate.framework */; };
		00B784B40FF439BC000DE1D7 /* AudioToolbox.framework in Frameworks */ = {isa = PBXBuildFile; fileRef = 00B784B00FF439BC000DE1D7 /* AudioToolbox.framework */; };
		00B784B50FF439BC000DE1D7 /* AudioUnit.framework in Frameworks */ = {isa = PBXBuildFile; fileRef = 00B784B10FF439BC000DE1D7 /* AudioUnit.framework */; };
		00B784B60FF439BC000DE1D7 /* CoreAudio.framework in Frameworks */ = {isa = PBXBuildFile; fileRef = 00B784B20FF439BC000DE1D7 /* CoreAudio.framework */; };
		00B9955A1B128DF400A5C623 /* IOKit.framework in Frameworks */ = {isa = PBXBuildFile; fileRef = 00B995581B128DF400A5C623 /* IOKit.framework */; };
		00B9955B1B128DF400A5C623 /* IOSurface.framework in Frameworks */ = {isa = PBXBuildFile; fileRef = 00B995591B128DF400A5C623 /* IOSurface.framework */; };
		0104A6651EF151BA00AAD57D /* GameRenderer.cpp in Sources */ = {isa = PBXBuildFile; fileRef = 0104A6631EF151BA00AAD57D /* GameRenderer.cpp */; };
		0104A6681EF15E2D00AAD57D /* assets in Resources */ = {isa = PBXBuildFile; fileRef = 0104A6671EF15E2D00AAD57D /* assets */; };
		0104A66B1EF16FEB00AAD57D /* Trail.cpp in Sources */ = {isa = PBXBuildFile; fileRef = 0104A6691EF16FEB00AAD57D /* Trail.cpp */; };
		0104A66D1EF1719800AAD57D /* Game_PCapp.cpp in Sources */ = {isa = PBXBuildFile; fileRef = 0104A66C1EF1719800AAD57D /* Game_PCapp.cpp */; };
		013223241EF003D8002F486B /* ArduinoHandler.cpp in Sources */ = {isa = PBXBuildFile; fileRef = 0132231B1EF003D8002F486B /* ArduinoHandler.cpp */; };
		013223251EF003D8002F486B /* Calibrator.cpp in Sources */ = {isa = PBXBuildFile; fileRef = 0132231D1EF003D8002F486B /* Calibrator.cpp */; };
		013223261EF003D8002F486B /* CameraHandler2.cpp in Sources */ = {isa = PBXBuildFile; fileRef = 0132231F1EF003D8002F486B /* CameraHandler2.cpp */; };
		013223271EF003D8002F486B /* delaunay.cpp in Sources */ = {isa = PBXBuildFile; fileRef = 013223211EF003D8002F486B /* delaunay.cpp */; };
		013223331EF003E5002F486B /* Particle.cpp in Sources */ = {isa = PBXBuildFile; fileRef = 013223281EF003E5002F486B /* Particle.cpp */; };
		013223341EF003E5002F486B /* ParticleHandler.cpp in Sources */ = {isa = PBXBuildFile; fileRef = 0132232A1EF003E5002F486B /* ParticleHandler.cpp */; };
		013223351EF003E5002F486B /* Player.cpp in Sources */ = {isa = PBXBuildFile; fileRef = 0132232C1EF003E5002F486B /* Player.cpp */; };
		013223361EF003E5002F486B /* ProjectionCamera.cpp in Sources */ = {isa = PBXBuildFile; fileRef = 0132232E1EF003E5002F486B /* ProjectionCamera.cpp */; };
		013223371EF003E5002F486B /* triangle.cpp in Sources */ = {isa = PBXBuildFile; fileRef = 013223301EF003E5002F486B /* triangle.cpp */; };
		0133E85C1EF93B5600DF1D3B /* GrassRenderer.cpp in Sources */ = {isa = PBXBuildFile; fileRef = 0133E85A1EF93B5600DF1D3B /* GrassRenderer.cpp */; };
		0159C7851F862FED0013F47D /* TrailRenderer.cpp in Sources */ = {isa = PBXBuildFile; fileRef = 0159C7831F862FED0013F47D /* TrailRenderer.cpp */; };
		0163CCFE1F06537500797F8E /* GrassPatch.cpp in Sources */ = {isa = PBXBuildFile; fileRef = 0163CCFC1F06537500797F8E /* GrassPatch.cpp */; };
		0163CD031F0A4E3A00797F8E /* FloorTextureGenerator.cpp in Sources */ = {isa = PBXBuildFile; fileRef = 0163CD011F0A4E3A00797F8E /* FloorTextureGenerator.cpp */; };
		0187FC8C1F838B500059B16C /* FlowerPatch.cpp in Sources */ = {isa = PBXBuildFile; fileRef = 0187FC8A1F838B500059B16C /* FlowerPatch.cpp */; };
		0187FC901F838B880059B16C /* FlowerRenderer.cpp in Sources */ = {isa = PBXBuildFile; fileRef = 0187FC8E1F838B880059B16C /* FlowerRenderer.cpp */; };
		0187FC941F83A5FD0059B16C /* ButterflyRenderer.cpp in Sources */ = {isa = PBXBuildFile; fileRef = 0187FC921F83A5FD0059B16C /* ButterflyRenderer.cpp */; };
		0187FC971F83A6D20059B16C /* Butterfly.cpp in Sources */ = {isa = PBXBuildFile; fileRef = 0187FC951F83A6D20059B16C /* Butterfly.cpp */; };
		01C7214A1EFD222900BA85FC /* ObjectMap.cpp in Sources */ = {isa = PBXBuildFile; fileRef = 01C721481EFD222900BA85FC /* ObjectMap.cpp */; };
		01E83BEE1EF3DE5C0013D65B /* Level.cpp in Sources */ = {isa = PBXBuildFile; fileRef = 01E83BEC1EF3DE5C0013D65B /* Level.cpp */; };
		01E83BF21EF3EC340013D65B /* LevelTile.cpp in Sources */ = {isa = PBXBuildFile; fileRef = 01E83BF01EF3EC340013D65B /* LevelTile.cpp */; };
		01E83BF51EF5526E0013D65B /* PlayerLevel.cpp in Sources */ = {isa = PBXBuildFile; fileRef = 01E83BF31EF5526E0013D65B /* PlayerLevel.cpp */; };
		01E83BF81EF558EE0013D65B /* PlayerTile.cpp in Sources */ = {isa = PBXBuildFile; fileRef = 01E83BF61EF558EE0013D65B /* PlayerTile.cpp */; };
		01E83BFB1EF810400013D65B /* FloorMapping.cpp in Sources */ = {isa = PBXBuildFile; fileRef = 01E83BF91EF810400013D65B /* FloorMapping.cpp */; };
		5323E6B20EAFCA74003A9687 /* CoreVideo.framework in Frameworks */ = {isa = PBXBuildFile; fileRef = 5323E6B10EAFCA74003A9687 /* CoreVideo.framework */; };
		8D11072F0486CEB800E47090 /* Cocoa.framework in Frameworks */ = {isa = PBXBuildFile; fileRef = 1058C7A1FEA54F0111CA2CBB /* Cocoa.framework */; };
		B8E83D5D8B9C4ED993BC19F3 /* CinderApp.icns in Resources */ = {isa = PBXBuildFile; fileRef = 5551809B6D0C4524B6E9EA4D /* CinderApp.icns */; };
		FAAFCE73B8A547BAA0664560 /* OpenCL.framework in Frameworks */ = {isa = PBXBuildFile; fileRef = 78A62F2E86FF45B1B95379C9 /* OpenCL.framework */; };
/* End PBXBuildFile section */

/* Begin PBXFileReference section */
		006D720219952D00008149E2 /* AVFoundation.framework */ = {isa = PBXFileReference; lastKnownFileType = wrapper.framework; name = AVFoundation.framework; path = System/Library/Frameworks/AVFoundation.framework; sourceTree = SDKROOT; };
		006D720319952D00008149E2 /* CoreMedia.framework */ = {isa = PBXFileReference; lastKnownFileType = wrapper.framework; name = CoreMedia.framework; path = System/Library/Frameworks/CoreMedia.framework; sourceTree = SDKROOT; };
		0091D8F80E81B9330029341E /* OpenGL.framework */ = {isa = PBXFileReference; lastKnownFileType = wrapper.framework; name = OpenGL.framework; path = /System/Library/Frameworks/OpenGL.framework; sourceTree = "<absolute>"; };
		00B784AF0FF439BC000DE1D7 /* Accelerate.framework */ = {isa = PBXFileReference; lastKnownFileType = wrapper.framework; name = Accelerate.framework; path = System/Library/Frameworks/Accelerate.framework; sourceTree = SDKROOT; };
		00B784B00FF439BC000DE1D7 /* AudioToolbox.framework */ = {isa = PBXFileReference; lastKnownFileType = wrapper.framework; name = AudioToolbox.framework; path = System/Library/Frameworks/AudioToolbox.framework; sourceTree = SDKROOT; };
		00B784B10FF439BC000DE1D7 /* AudioUnit.framework */ = {isa = PBXFileReference; lastKnownFileType = wrapper.framework; name = AudioUnit.framework; path = System/Library/Frameworks/AudioUnit.framework; sourceTree = SDKROOT; };
		00B784B20FF439BC000DE1D7 /* CoreAudio.framework */ = {isa = PBXFileReference; lastKnownFileType = wrapper.framework; name = CoreAudio.framework; path = System/Library/Frameworks/CoreAudio.framework; sourceTree = SDKROOT; };
		00B995581B128DF400A5C623 /* IOKit.framework */ = {isa = PBXFileReference; lastKnownFileType = wrapper.framework; name = IOKit.framework; path = System/Library/Frameworks/IOKit.framework; sourceTree = SDKROOT; };
		00B995591B128DF400A5C623 /* IOSurface.framework */ = {isa = PBXFileReference; lastKnownFileType = wrapper.framework; name = IOSurface.framework; path = System/Library/Frameworks/IOSurface.framework; sourceTree = SDKROOT; };
		0104A6631EF151BA00AAD57D /* GameRenderer.cpp */ = {isa = PBXFileReference; fileEncoding = 4; lastKnownFileType = sourcecode.cpp.cpp; name = GameRenderer.cpp; path = ../src/GameRenderer.cpp; sourceTree = "<group>"; };
		0104A6641EF151BA00AAD57D /* GameRenderer.hpp */ = {isa = PBXFileReference; fileEncoding = 4; lastKnownFileType = sourcecode.cpp.h; name = GameRenderer.hpp; path = ../src/GameRenderer.hpp; sourceTree = "<group>"; };
		0104A6671EF15E2D00AAD57D /* assets */ = {isa = PBXFileReference; lastKnownFileType = folder; name = assets; path = ../assets; sourceTree = "<group>"; };
		0104A6691EF16FEB00AAD57D /* Trail.cpp */ = {isa = PBXFileReference; fileEncoding = 4; lastKnownFileType = sourcecode.cpp.cpp; name = Trail.cpp; path = ../src/Trail.cpp; sourceTree = "<group>"; };
		0104A66A1EF16FEB00AAD57D /* Trail.hpp */ = {isa = PBXFileReference; fileEncoding = 4; lastKnownFileType = sourcecode.cpp.h; name = Trail.hpp; path = ../src/Trail.hpp; sourceTree = "<group>"; };
		0104A66C1EF1719800AAD57D /* Game_PCapp.cpp */ = {isa = PBXFileReference; fileEncoding = 4; lastKnownFileType = sourcecode.cpp.cpp; name = Game_PCapp.cpp; path = ../src/Game_PCapp.cpp; sourceTree = "<group>"; };
		0132231B1EF003D8002F486B /* ArduinoHandler.cpp */ = {isa = PBXFileReference; fileEncoding = 4; lastKnownFileType = sourcecode.cpp.cpp; name = ArduinoHandler.cpp; path = ../src/ArduinoHandler.cpp; sourceTree = "<group>"; };
		0132231C1EF003D8002F486B /* ArduinoHandler.hpp */ = {isa = PBXFileReference; fileEncoding = 4; lastKnownFileType = sourcecode.cpp.h; name = ArduinoHandler.hpp; path = ../src/ArduinoHandler.hpp; sourceTree = "<group>"; };
		0132231D1EF003D8002F486B /* Calibrator.cpp */ = {isa = PBXFileReference; fileEncoding = 4; lastKnownFileType = sourcecode.cpp.cpp; name = Calibrator.cpp; path = ../src/Calibrator.cpp; sourceTree = "<group>"; };
		0132231E1EF003D8002F486B /* Calibrator.hpp */ = {isa = PBXFileReference; fileEncoding = 4; lastKnownFileType = sourcecode.cpp.h; name = Calibrator.hpp; path = ../src/Calibrator.hpp; sourceTree = "<group>"; };
		0132231F1EF003D8002F486B /* CameraHandler2.cpp */ = {isa = PBXFileReference; fileEncoding = 4; lastKnownFileType = sourcecode.cpp.cpp; name = CameraHandler2.cpp; path = ../src/CameraHandler2.cpp; sourceTree = "<group>"; };
		013223201EF003D8002F486B /* CameraHandler2.hpp */ = {isa = PBXFileReference; fileEncoding = 4; lastKnownFileType = sourcecode.cpp.h; name = CameraHandler2.hpp; path = ../src/CameraHandler2.hpp; sourceTree = "<group>"; };
		013223211EF003D8002F486B /* delaunay.cpp */ = {isa = PBXFileReference; fileEncoding = 4; lastKnownFileType = sourcecode.cpp.cpp; name = delaunay.cpp; path = ../src/delaunay.cpp; sourceTree = "<group>"; };
		013223221EF003D8002F486B /* delaunay.h */ = {isa = PBXFileReference; fileEncoding = 4; lastKnownFileType = sourcecode.c.h; name = delaunay.h; path = ../src/delaunay.h; sourceTree = "<group>"; };
		013223231EF003D8002F486B /* edge.h */ = {isa = PBXFileReference; fileEncoding = 4; lastKnownFileType = sourcecode.c.h; name = edge.h; path = ../src/edge.h; sourceTree = "<group>"; };
		013223281EF003E5002F486B /* Particle.cpp */ = {isa = PBXFileReference; fileEncoding = 4; lastKnownFileType = sourcecode.cpp.cpp; name = Particle.cpp; path = ../src/Particle.cpp; sourceTree = "<group>"; };
		013223291EF003E5002F486B /* Particle.hpp */ = {isa = PBXFileReference; fileEncoding = 4; lastKnownFileType = sourcecode.cpp.h; name = Particle.hpp; path = ../src/Particle.hpp; sourceTree = "<group>"; };
		0132232A1EF003E5002F486B /* ParticleHandler.cpp */ = {isa = PBXFileReference; fileEncoding = 4; lastKnownFileType = sourcecode.cpp.cpp; name = ParticleHandler.cpp; path = ../src/ParticleHandler.cpp; sourceTree = "<group>"; };
		0132232B1EF003E5002F486B /* ParticleHandler.hpp */ = {isa = PBXFileReference; fileEncoding = 4; lastKnownFileType = sourcecode.cpp.h; name = ParticleHandler.hpp; path = ../src/ParticleHandler.hpp; sourceTree = "<group>"; };
		0132232C1EF003E5002F486B /* Player.cpp */ = {isa = PBXFileReference; fileEncoding = 4; lastKnownFileType = sourcecode.cpp.cpp; name = Player.cpp; path = ../src/Player.cpp; sourceTree = "<group>"; };
		0132232D1EF003E5002F486B /* Player.hpp */ = {isa = PBXFileReference; fileEncoding = 4; lastKnownFileType = sourcecode.cpp.h; name = Player.hpp; path = ../src/Player.hpp; sourceTree = "<group>"; };
		0132232E1EF003E5002F486B /* ProjectionCamera.cpp */ = {isa = PBXFileReference; fileEncoding = 4; lastKnownFileType = sourcecode.cpp.cpp; name = ProjectionCamera.cpp; path = ../src/ProjectionCamera.cpp; sourceTree = "<group>"; };
		0132232F1EF003E5002F486B /* ProjectionCamera.hpp */ = {isa = PBXFileReference; fileEncoding = 4; lastKnownFileType = sourcecode.cpp.h; name = ProjectionCamera.hpp; path = ../src/ProjectionCamera.hpp; sourceTree = "<group>"; };
		013223301EF003E5002F486B /* triangle.cpp */ = {isa = PBXFileReference; fileEncoding = 4; lastKnownFileType = sourcecode.cpp.cpp; name = triangle.cpp; path = ../src/triangle.cpp; sourceTree = "<group>"; };
		013223311EF003E5002F486B /* triangle.h */ = {isa = PBXFileReference; fileEncoding = 4; lastKnownFileType = sourcecode.c.h; name = triangle.h; path = ../src/triangle.h; sourceTree = "<group>"; };
		013223321EF003E5002F486B /* vector2.h */ = {isa = PBXFileReference; fileEncoding = 4; lastKnownFileType = sourcecode.c.h; name = vector2.h; path = ../src/vector2.h; sourceTree = "<group>"; };
		0133E85A1EF93B5600DF1D3B /* GrassRenderer.cpp */ = {isa = PBXFileReference; fileEncoding = 4; lastKnownFileType = sourcecode.cpp.cpp; name = GrassRenderer.cpp; path = ../src/GrassRenderer.cpp; sourceTree = "<group>"; };
		0133E85B1EF93B5600DF1D3B /* GrassRenderer.hpp */ = {isa = PBXFileReference; fileEncoding = 4; lastKnownFileType = sourcecode.cpp.h; name = GrassRenderer.hpp; path = ../src/GrassRenderer.hpp; sourceTree = "<group>"; };
		0159C7831F862FED0013F47D /* TrailRenderer.cpp */ = {isa = PBXFileReference; fileEncoding = 4; lastKnownFileType = sourcecode.cpp.cpp; name = TrailRenderer.cpp; path = ../src/TrailRenderer.cpp; sourceTree = "<group>"; };
		0159C7841F862FED0013F47D /* TrailRenderer.hpp */ = {isa = PBXFileReference; fileEncoding = 4; lastKnownFileType = sourcecode.cpp.h; name = TrailRenderer.hpp; path = ../src/TrailRenderer.hpp; sourceTree = "<group>"; };
		0163CCFC1F06537500797F8E /* GrassPatch.cpp */ = {isa = PBXFileReference; fileEncoding = 4; lastKnownFileType = sourcecode.cpp.cpp; name = GrassPatch.cpp; path = ../src/GrassPatch.cpp; sourceTree = "<group>"; };
		0163CCFD1F06537500797F8E /* GrassPatch.hpp */ = {isa = PBXFileReference; fileEncoding = 4; lastKnownFileType = sourcecode.cpp.h; name = GrassPatch.hpp; path = ../src/GrassPatch.hpp; sourceTree = "<group>"; };
		0163CD011F0A4E3A00797F8E /* FloorTextureGenerator.cpp */ = {isa = PBXFileReference; fileEncoding = 4; lastKnownFileType = sourcecode.cpp.cpp; name = FloorTextureGenerator.cpp; path = ../src/FloorTextureGenerator.cpp; sourceTree = "<group>"; };
		0163CD021F0A4E3A00797F8E /* FloorTextureGenerator.hpp */ = {isa = PBXFileReference; fileEncoding = 4; lastKnownFileType = sourcecode.cpp.h; name = FloorTextureGenerator.hpp; path = ../src/FloorTextureGenerator.hpp; sourceTree = "<group>"; };
		0187FC8A1F838B500059B16C /* FlowerPatch.cpp */ = {isa = PBXFileReference; fileEncoding = 4; lastKnownFileType = sourcecode.cpp.cpp; name = FlowerPatch.cpp; path = ../src/FlowerPatch.cpp; sourceTree = "<group>"; };
		0187FC8B1F838B500059B16C /* FlowerPatch.hpp */ = {isa = PBXFileReference; fileEncoding = 4; lastKnownFileType = sourcecode.cpp.h; name = FlowerPatch.hpp; path = ../src/FlowerPatch.hpp; sourceTree = "<group>"; };
		0187FC8E1F838B880059B16C /* FlowerRenderer.cpp */ = {isa = PBXFileReference; fileEncoding = 4; lastKnownFileType = sourcecode.cpp.cpp; name = FlowerRenderer.cpp; path = ../src/FlowerRenderer.cpp; sourceTree = "<group>"; };
		0187FC8F1F838B880059B16C /* FlowerRenderer.hpp */ = {isa = PBXFileReference; fileEncoding = 4; lastKnownFileType = sourcecode.cpp.h; name = FlowerRenderer.hpp; path = ../src/FlowerRenderer.hpp; sourceTree = "<group>"; };
		0187FC921F83A5FD0059B16C /* ButterflyRenderer.cpp */ = {isa = PBXFileReference; fileEncoding = 4; lastKnownFileType = sourcecode.cpp.cpp; name = ButterflyRenderer.cpp; path = ../src/ButterflyRenderer.cpp; sourceTree = "<group>"; };
		0187FC931F83A5FD0059B16C /* ButterflyRenderer.hpp */ = {isa = PBXFileReference; fileEncoding = 4; lastKnownFileType = sourcecode.cpp.h; name = ButterflyRenderer.hpp; path = ../src/ButterflyRenderer.hpp; sourceTree = "<group>"; };
		0187FC951F83A6D20059B16C /* Butterfly.cpp */ = {isa = PBXFileReference; fileEncoding = 4; lastKnownFileType = sourcecode.cpp.cpp; name = Butterfly.cpp; path = ../src/Butterfly.cpp; sourceTree = "<group>"; };
		0187FC961F83A6D20059B16C /* Butterfly.hpp */ = {isa = PBXFileReference; fileEncoding = 4; lastKnownFileType = sourcecode.cpp.h; name = Butterfly.hpp; path = ../src/Butterfly.hpp; sourceTree = "<group>"; };
		01C721481EFD222900BA85FC /* ObjectMap.cpp */ = {isa = PBXFileReference; fileEncoding = 4; lastKnownFileType = sourcecode.cpp.cpp; name = ObjectMap.cpp; path = ../src/ObjectMap.cpp; sourceTree = "<group>"; };
		01C721491EFD222900BA85FC /* ObjectMap.hpp */ = {isa = PBXFileReference; fileEncoding = 4; lastKnownFileType = sourcecode.cpp.h; name = ObjectMap.hpp; path = ../src/ObjectMap.hpp; sourceTree = "<group>"; };
		01E83BEC1EF3DE5C0013D65B /* Level.cpp */ = {isa = PBXFileReference; fileEncoding = 4; lastKnownFileType = sourcecode.cpp.cpp; name = Level.cpp; path = ../src/Level.cpp; sourceTree = "<group>"; };
		01E83BED1EF3DE5C0013D65B /* Level.hpp */ = {isa = PBXFileReference; fileEncoding = 4; lastKnownFileType = sourcecode.cpp.h; name = Level.hpp; path = ../src/Level.hpp; sourceTree = "<group>"; };
		01E83BF01EF3EC340013D65B /* LevelTile.cpp */ = {isa = PBXFileReference; fileEncoding = 4; lastKnownFileType = sourcecode.cpp.cpp; name = LevelTile.cpp; path = ../src/LevelTile.cpp; sourceTree = "<group>"; };
		01E83BF11EF3EC340013D65B /* LevelTile.hpp */ = {isa = PBXFileReference; fileEncoding = 4; lastKnownFileType = sourcecode.cpp.h; name = LevelTile.hpp; path = ../src/LevelTile.hpp; sourceTree = "<group>"; };
		01E83BF31EF5526E0013D65B /* PlayerLevel.cpp */ = {isa = PBXFileReference; fileEncoding = 4; lastKnownFileType = sourcecode.cpp.cpp; name = PlayerLevel.cpp; path = ../src/PlayerLevel.cpp; sourceTree = "<group>"; };
		01E83BF41EF5526E0013D65B /* PlayerLevel.hpp */ = {isa = PBXFileReference; fileEncoding = 4; lastKnownFileType = sourcecode.cpp.h; name = PlayerLevel.hpp; path = ../src/PlayerLevel.hpp; sourceTree = "<group>"; };
		01E83BF61EF558EE0013D65B /* PlayerTile.cpp */ = {isa = PBXFileReference; fileEncoding = 4; lastKnownFileType = sourcecode.cpp.cpp; name = PlayerTile.cpp; path = ../src/PlayerTile.cpp; sourceTree = "<group>"; };
		01E83BF71EF558EE0013D65B /* PlayerTile.hpp */ = {isa = PBXFileReference; fileEncoding = 4; lastKnownFileType = sourcecode.cpp.h; name = PlayerTile.hpp; path = ../src/PlayerTile.hpp; sourceTree = "<group>"; };
		01E83BF91EF810400013D65B /* FloorMapping.cpp */ = {isa = PBXFileReference; fileEncoding = 4; lastKnownFileType = sourcecode.cpp.cpp; name = FloorMapping.cpp; path = ../src/FloorMapping.cpp; sourceTree = "<group>"; };
		01E83BFA1EF810400013D65B /* FloorMapping.hpp */ = {isa = PBXFileReference; fileEncoding = 4; lastKnownFileType = sourcecode.cpp.h; name = FloorMapping.hpp; path = ../src/FloorMapping.hpp; sourceTree = "<group>"; };
		1058C7A1FEA54F0111CA2CBB /* Cocoa.framework */ = {isa = PBXFileReference; lastKnownFileType = wrapper.framework; name = Cocoa.framework; path = /System/Library/Frameworks/Cocoa.framework; sourceTree = "<absolute>"; };
		29B97324FDCFA39411CA2CEA /* AppKit.framework */ = {isa = PBXFileReference; lastKnownFileType = wrapper.framework; name = AppKit.framework; path = /System/Library/Frameworks/AppKit.framework; sourceTree = "<absolute>"; };
		29B97325FDCFA39411CA2CEA /* Foundation.framework */ = {isa = PBXFileReference; lastKnownFileType = wrapper.framework; name = Foundation.framework; path = /System/Library/Frameworks/Foundation.framework; sourceTree = "<absolute>"; };
		48010243C40641C5B0B9D338 /* CinderOpenCV.h */ = {isa = PBXFileReference; lastKnownFileType = sourcecode.c.h; name = CinderOpenCV.h; path = "../../../cinder_master/blocks/Cinder-OpenCV3-master/include/CinderOpenCV.h"; sourceTree = "<group>"; };
		5323E6B10EAFCA74003A9687 /* CoreVideo.framework */ = {isa = PBXFileReference; lastKnownFileType = wrapper.framework; name = CoreVideo.framework; path = /System/Library/Frameworks/CoreVideo.framework; sourceTree = "<absolute>"; };
		5551809B6D0C4524B6E9EA4D /* CinderApp.icns */ = {isa = PBXFileReference; lastKnownFileType = image.icns; name = CinderApp.icns; path = ../resources/CinderApp.icns; sourceTree = "<group>"; };
		78A62F2E86FF45B1B95379C9 /* OpenCL.framework */ = {isa = PBXFileReference; lastKnownFileType = wrapper.framework; name = OpenCL.framework; path = System/Library/Frameworks/OpenCL.framework; sourceTree = SDKROOT; };
		80FA91658C0840CCBF202DC5 /* Resources.h */ = {isa = PBXFileReference; lastKnownFileType = sourcecode.c.h; name = Resources.h; path = ../include/Resources.h; sourceTree = "<group>"; };
		8D1107320486CEB800E47090 /* Game_PC.app */ = {isa = PBXFileReference; explicitFileType = wrapper.application; includeInIndex = 0; path = Game_PC.app; sourceTree = BUILT_PRODUCTS_DIR; };
		A35D773DF4CA4880BCB2944A /* Info.plist */ = {isa = PBXFileReference; lastKnownFileType = text.plist.xml; path = Info.plist; sourceTree = "<group>"; };
		A4DF77E900A14FBCA7F6B3DF /* Game_PC_Prefix.pch */ = {isa = PBXFileReference; lastKnownFileType = "\"\""; path = Game_PC_Prefix.pch; sourceTree = "<group>"; };
/* End PBXFileReference section */

/* Begin PBXFrameworksBuildPhase section */
		8D11072E0486CEB800E47090 /* Frameworks */ = {
			isa = PBXFrameworksBuildPhase;
			buildActionMask = 2147483647;
			files = (
				006D720419952D00008149E2 /* AVFoundation.framework in Frameworks */,
				006D720519952D00008149E2 /* CoreMedia.framework in Frameworks */,
				8D11072F0486CEB800E47090 /* Cocoa.framework in Frameworks */,
				0091D8F90E81B9330029341E /* OpenGL.framework in Frameworks */,
				5323E6B20EAFCA74003A9687 /* CoreVideo.framework in Frameworks */,
				00B784B30FF439BC000DE1D7 /* Accelerate.framework in Frameworks */,
				00B784B40FF439BC000DE1D7 /* AudioToolbox.framework in Frameworks */,
				00B784B50FF439BC000DE1D7 /* AudioUnit.framework in Frameworks */,
				00B784B60FF439BC000DE1D7 /* CoreAudio.framework in Frameworks */,
				00B9955A1B128DF400A5C623 /* IOKit.framework in Frameworks */,
				00B9955B1B128DF400A5C623 /* IOSurface.framework in Frameworks */,
				FAAFCE73B8A547BAA0664560 /* OpenCL.framework in Frameworks */,
			);
			runOnlyForDeploymentPostprocessing = 0;
		};
/* End PBXFrameworksBuildPhase section */

/* Begin PBXGroup section */
		0104A6601EF1510D00AAD57D /* input */ = {
			isa = PBXGroup;
			children = (
				0132231B1EF003D8002F486B /* ArduinoHandler.cpp */,
				0132231C1EF003D8002F486B /* ArduinoHandler.hpp */,
				0132231F1EF003D8002F486B /* CameraHandler2.cpp */,
				013223201EF003D8002F486B /* CameraHandler2.hpp */,
			);
			name = input;
			sourceTree = "<group>";
		};
		0104A6611EF1512500AAD57D /* calibration */ = {
			isa = PBXGroup;
			children = (
				013223301EF003E5002F486B /* triangle.cpp */,
				013223311EF003E5002F486B /* triangle.h */,
				013223321EF003E5002F486B /* vector2.h */,
				0132231D1EF003D8002F486B /* Calibrator.cpp */,
				0132231E1EF003D8002F486B /* Calibrator.hpp */,
				013223211EF003D8002F486B /* delaunay.cpp */,
				013223221EF003D8002F486B /* delaunay.h */,
				013223231EF003D8002F486B /* edge.h */,
			);
			name = calibration;
			sourceTree = "<group>";
		};
		0104A6621EF1516100AAD57D /* rendering */ = {
			isa = PBXGroup;
			children = (
				0132232E1EF003E5002F486B /* ProjectionCamera.cpp */,
				0132232F1EF003E5002F486B /* ProjectionCamera.hpp */,
				0104A6631EF151BA00AAD57D /* GameRenderer.cpp */,
				0104A6641EF151BA00AAD57D /* GameRenderer.hpp */,
			);
			name = rendering;
			sourceTree = "<group>";
		};
		0104A6661EF1550D00AAD57D /* gameObjects */ = {
			isa = PBXGroup;
			children = (
				01E83BFC1EF810470013D65B /* env */,
				01E83BEF1EF3EBE90013D65B /* temputils */,
				0132232C1EF003E5002F486B /* Player.cpp */,
				0132232D1EF003E5002F486B /* Player.hpp */,
				01E83BEC1EF3DE5C0013D65B /* Level.cpp */,
				01E83BED1EF3DE5C0013D65B /* Level.hpp */,
				01E83BF01EF3EC340013D65B /* LevelTile.cpp */,
				01E83BF11EF3EC340013D65B /* LevelTile.hpp */,
				01E83BF31EF5526E0013D65B /* PlayerLevel.cpp */,
				01E83BF41EF5526E0013D65B /* PlayerLevel.hpp */,
				01E83BF61EF558EE0013D65B /* PlayerTile.cpp */,
				01E83BF71EF558EE0013D65B /* PlayerTile.hpp */,
			);
			name = gameObjects;
			sourceTree = "<group>";
		};
		0159C7821F862FCD0013F47D /* trail */ = {
			isa = PBXGroup;
			children = (
				0159C7831F862FED0013F47D /* TrailRenderer.cpp */,
				0159C7841F862FED0013F47D /* TrailRenderer.hpp */,
			);
			name = trail;
			sourceTree = "<group>";
		};
		0163CCFF1F0667D200797F8E /* floor */ = {
			isa = PBXGroup;
			children = (
				01E83BF91EF810400013D65B /* FloorMapping.cpp */,
				01E83BFA1EF810400013D65B /* FloorMapping.hpp */,
				0163CD011F0A4E3A00797F8E /* FloorTextureGenerator.cpp */,
				0163CD021F0A4E3A00797F8E /* FloorTextureGenerator.hpp */,
			);
			name = floor;
			sourceTree = "<group>";
		};
		0163CD001F0667E400797F8E /* grass */ = {
			isa = PBXGroup;
			children = (
				0133E85A1EF93B5600DF1D3B /* GrassRenderer.cpp */,
				0133E85B1EF93B5600DF1D3B /* GrassRenderer.hpp */,
				0163CCFC1F06537500797F8E /* GrassPatch.cpp */,
				0163CCFD1F06537500797F8E /* GrassPatch.hpp */,
			);
			name = grass;
			sourceTree = "<group>";
		};
		0187FC881F838B270059B16C /* flower */ = {
			isa = PBXGroup;
			children = (
				0187FC8A1F838B500059B16C /* FlowerPatch.cpp */,
				0187FC8B1F838B500059B16C /* FlowerPatch.hpp */,
				0187FC8E1F838B880059B16C /* FlowerRenderer.cpp */,
				0187FC8F1F838B880059B16C /* FlowerRenderer.hpp */,
			);
			name = flower;
			sourceTree = "<group>";
		};
		0187FC911F83A5A80059B16C /* butterfly */ = {
			isa = PBXGroup;
			children = (
				0187FC921F83A5FD0059B16C /* ButterflyRenderer.cpp */,
				0187FC931F83A5FD0059B16C /* ButterflyRenderer.hpp */,
				0187FC951F83A6D20059B16C /* Butterfly.cpp */,
				0187FC961F83A6D20059B16C /* Butterfly.hpp */,
			);
			name = butterfly;
			sourceTree = "<group>";
		};
		01B65A731F23383D00FE25BD /* cube */ = {
			isa = PBXGroup;
			children = (
			);
			name = cube;
			sourceTree = "<group>";
		};
		01B97315FEAEA392516A2CEA /* Blocks */ = {
			isa = PBXGroup;
			children = (
				34717E1332A44ED992024F3D /* OpenCV3 */,
			);
			name = Blocks;
			sourceTree = "<group>";
		};
		01E83BEF1EF3EBE90013D65B /* temputils */ = {
			isa = PBXGroup;
			children = (
				013223281EF003E5002F486B /* Particle.cpp */,
				013223291EF003E5002F486B /* Particle.hpp */,
				0132232A1EF003E5002F486B /* ParticleHandler.cpp */,
				0132232B1EF003E5002F486B /* ParticleHandler.hpp */,
				0104A6691EF16FEB00AAD57D /* Trail.cpp */,
				0104A66A1EF16FEB00AAD57D /* Trail.hpp */,
			);
			name = temputils;
			sourceTree = "<group>";
		};
		01E83BFC1EF810470013D65B /* env */ = {
			isa = PBXGroup;
			children = (
				0159C7821F862FCD0013F47D /* trail */,
				0187FC911F83A5A80059B16C /* butterfly */,
				0187FC881F838B270059B16C /* flower */,
				01B65A731F23383D00FE25BD /* cube */,
				0163CD001F0667E400797F8E /* grass */,
				0163CCFF1F0667D200797F8E /* floor */,
				01C721481EFD222900BA85FC /* ObjectMap.cpp */,
				01C721491EFD222900BA85FC /* ObjectMap.hpp */,
			);
			name = env;
			sourceTree = "<group>";
		};
		080E96DDFE201D6D7F000001 /* Source */ = {
			isa = PBXGroup;
			children = (
				0104A6661EF1550D00AAD57D /* gameObjects */,
				0104A6621EF1516100AAD57D /* rendering */,
				0104A6611EF1512500AAD57D /* calibration */,
				0104A6601EF1510D00AAD57D /* input */,
				0104A66C1EF1719800AAD57D /* Game_PCapp.cpp */,
			);
			name = Source;
			sourceTree = "<group>";
		};
		1058C7A0FEA54F0111CA2CBB /* Linked Frameworks */ = {
			isa = PBXGroup;
			children = (
				006D720219952D00008149E2 /* AVFoundation.framework */,
				006D720319952D00008149E2 /* CoreMedia.framework */,
				00B784AF0FF439BC000DE1D7 /* Accelerate.framework */,
				00B784B00FF439BC000DE1D7 /* AudioToolbox.framework */,
				00B784B10FF439BC000DE1D7 /* AudioUnit.framework */,
				00B784B20FF439BC000DE1D7 /* CoreAudio.framework */,
				5323E6B10EAFCA74003A9687 /* CoreVideo.framework */,
				0091D8F80E81B9330029341E /* OpenGL.framework */,
				1058C7A1FEA54F0111CA2CBB /* Cocoa.framework */,
				00B995581B128DF400A5C623 /* IOKit.framework */,
				00B995591B128DF400A5C623 /* IOSurface.framework */,
			);
			name = "Linked Frameworks";
			sourceTree = "<group>";
		};
		1058C7A2FEA54F0111CA2CBB /* Other Frameworks */ = {
			isa = PBXGroup;
			children = (
				29B97324FDCFA39411CA2CEA /* AppKit.framework */,
				29B97325FDCFA39411CA2CEA /* Foundation.framework */,
			);
			name = "Other Frameworks";
			sourceTree = "<group>";
		};
		19C28FACFE9D520D11CA2CBB /* Products */ = {
			isa = PBXGroup;
			children = (
				8D1107320486CEB800E47090 /* Game_PC.app */,
			);
			name = Products;
			sourceTree = "<group>";
		};
		29B97314FDCFA39411CA2CEA /* Game_PC */ = {
			isa = PBXGroup;
			children = (
				01B97315FEAEA392516A2CEA /* Blocks */,
				29B97315FDCFA39411CA2CEA /* Headers */,
				080E96DDFE201D6D7F000001 /* Source */,
				29B97317FDCFA39411CA2CEA /* Resources */,
				29B97323FDCFA39411CA2CEA /* Frameworks */,
				19C28FACFE9D520D11CA2CBB /* Products */,
				0104A6671EF15E2D00AAD57D /* assets */,
			);
			name = Game_PC;
			sourceTree = "<group>";
		};
		29B97315FDCFA39411CA2CEA /* Headers */ = {
			isa = PBXGroup;
			children = (
				80FA91658C0840CCBF202DC5 /* Resources.h */,
				A4DF77E900A14FBCA7F6B3DF /* Game_PC_Prefix.pch */,
			);
			name = Headers;
			sourceTree = "<group>";
		};
		29B97317FDCFA39411CA2CEA /* Resources */ = {
			isa = PBXGroup;
			children = (
				5551809B6D0C4524B6E9EA4D /* CinderApp.icns */,
				A35D773DF4CA4880BCB2944A /* Info.plist */,
			);
			name = Resources;
			sourceTree = "<group>";
		};
		29B97323FDCFA39411CA2CEA /* Frameworks */ = {
			isa = PBXGroup;
			children = (
				1058C7A0FEA54F0111CA2CBB /* Linked Frameworks */,
				1058C7A2FEA54F0111CA2CBB /* Other Frameworks */,
				78A62F2E86FF45B1B95379C9 /* OpenCL.framework */,
			);
			name = Frameworks;
			sourceTree = "<group>";
		};
		34717E1332A44ED992024F3D /* OpenCV3 */ = {
			isa = PBXGroup;
			children = (
				DE9048C685884DC792C693A8 /* include */,
			);
			name = OpenCV3;
			sourceTree = "<group>";
		};
		DE9048C685884DC792C693A8 /* include */ = {
			isa = PBXGroup;
			children = (
				48010243C40641C5B0B9D338 /* CinderOpenCV.h */,
			);
			name = include;
			sourceTree = "<group>";
		};
/* End PBXGroup section */

/* Begin PBXNativeTarget section */
		8D1107260486CEB800E47090 /* Game_PC */ = {
			isa = PBXNativeTarget;
			buildConfigurationList = C01FCF4A08A954540054247B /* Build configuration list for PBXNativeTarget "Game_PC" */;
			buildPhases = (
				8D1107290486CEB800E47090 /* Resources */,
				8D11072C0486CEB800E47090 /* Sources */,
				8D11072E0486CEB800E47090 /* Frameworks */,
			);
			buildRules = (
			);
			dependencies = (
			);
			name = Game_PC;
			productInstallPath = "$(HOME)/Applications";
			productName = Game_PC;
			productReference = 8D1107320486CEB800E47090 /* Game_PC.app */;
			productType = "com.apple.product-type.application";
		};
/* End PBXNativeTarget section */

/* Begin PBXProject section */
		29B97313FDCFA39411CA2CEA /* Project object */ = {
			isa = PBXProject;
			attributes = {
			};
			buildConfigurationList = C01FCF4E08A954540054247B /* Build configuration list for PBXProject "Game_PC" */;
			compatibilityVersion = "Xcode 3.2";
			developmentRegion = English;
			hasScannedForEncodings = 1;
			knownRegions = (
				English,
				Japanese,
				French,
				German,
			);
			mainGroup = 29B97314FDCFA39411CA2CEA /* Game_PC */;
			projectDirPath = "";
			projectRoot = "";
			targets = (
				8D1107260486CEB800E47090 /* Game_PC */,
			);
		};
/* End PBXProject section */

/* Begin PBXResourcesBuildPhase section */
		8D1107290486CEB800E47090 /* Resources */ = {
			isa = PBXResourcesBuildPhase;
			buildActionMask = 2147483647;
			files = (
				B8E83D5D8B9C4ED993BC19F3 /* CinderApp.icns in Resources */,
				0104A6681EF15E2D00AAD57D /* assets in Resources */,
			);
			runOnlyForDeploymentPostprocessing = 0;
		};
/* End PBXResourcesBuildPhase section */

/* Begin PBXSourcesBuildPhase section */
		8D11072C0486CEB800E47090 /* Sources */ = {
			isa = PBXSourcesBuildPhase;
			buildActionMask = 2147483647;
			files = (
				01E83BF21EF3EC340013D65B /* LevelTile.cpp in Sources */,
				013223351EF003E5002F486B /* Player.cpp in Sources */,
				013223361EF003E5002F486B /* ProjectionCamera.cpp in Sources */,
				0133E85C1EF93B5600DF1D3B /* GrassRenderer.cpp in Sources */,
				01C7214A1EFD222900BA85FC /* ObjectMap.cpp in Sources */,
				01E83BFB1EF810400013D65B /* FloorMapping.cpp in Sources */,
				0187FC941F83A5FD0059B16C /* ButterflyRenderer.cpp in Sources */,
				01E83BEE1EF3DE5C0013D65B /* Level.cpp in Sources */,
				013223341EF003E5002F486B /* ParticleHandler.cpp in Sources */,
				0163CD031F0A4E3A00797F8E /* FloorTextureGenerator.cpp in Sources */,
				013223371EF003E5002F486B /* triangle.cpp in Sources */,
				01E83BF51EF5526E0013D65B /* PlayerLevel.cpp in Sources */,
				0187FC971F83A6D20059B16C /* Butterfly.cpp in Sources */,
				0159C7851F862FED0013F47D /* TrailRenderer.cpp in Sources */,
				0104A6651EF151BA00AAD57D /* GameRenderer.cpp in Sources */,
				0163CCFE1F06537500797F8E /* GrassPatch.cpp in Sources */,
				0187FC901F838B880059B16C /* FlowerRenderer.cpp in Sources */,
				0104A66D1EF1719800AAD57D /* Game_PCapp.cpp in Sources */,
				013223261EF003D8002F486B /* CameraHandler2.cpp in Sources */,
				01E83BF81EF558EE0013D65B /* PlayerTile.cpp in Sources */,
				0104A66B1EF16FEB00AAD57D /* Trail.cpp in Sources */,
				013223331EF003E5002F486B /* Particle.cpp in Sources */,
				013223271EF003D8002F486B /* delaunay.cpp in Sources */,
				0187FC8C1F838B500059B16C /* FlowerPatch.cpp in Sources */,
				013223241EF003D8002F486B /* ArduinoHandler.cpp in Sources */,
				013223251EF003D8002F486B /* Calibrator.cpp in Sources */,
			);
			runOnlyForDeploymentPostprocessing = 0;
		};
/* End PBXSourcesBuildPhase section */

/* Begin XCBuildConfiguration section */
		C01FCF4B08A954540054247B /* Debug */ = {
			isa = XCBuildConfiguration;
			buildSettings = {
				COMBINE_HIDPI_IMAGES = YES;
				COPY_PHASE_STRIP = NO;
				DEAD_CODE_STRIPPING = YES;
				GCC_DYNAMIC_NO_PIC = NO;
				GCC_INLINES_ARE_PRIVATE_EXTERN = YES;
				GCC_OPTIMIZATION_LEVEL = 0;
				GCC_PRECOMPILE_PREFIX_HEADER = YES;
				GCC_PREFIX_HEADER = Game_PC_Prefix.pch;
				GCC_PREPROCESSOR_DEFINITIONS = (
					"DEBUG=1",
					"$(inherited)",
				);
				GCC_SYMBOLS_PRIVATE_EXTERN = NO;
				INFOPLIST_FILE = Info.plist;
				INSTALL_PATH = "$(HOME)/Applications";
				OTHER_LDFLAGS = (
					"\"$(CINDER_PATH)/lib/libcinder_d.a\"",
					"\"../../../cinder_master/blocks/Cinder-OpenCV3-master/lib/macosx/libopencv_calib3d.a\"",
					"\"../../../cinder_master/blocks/Cinder-OpenCV3-master/lib/macosx/libopencv_core.a\"",
					"\"../../../cinder_master/blocks/Cinder-OpenCV3-master/lib/macosx/libopencv_features2d.a\"",
					"\"../../../cinder_master/blocks/Cinder-OpenCV3-master/lib/macosx/libopencv_flann.a\"",
					"\"../../../cinder_master/blocks/Cinder-OpenCV3-master/lib/macosx/libopencv_hal.a\"",
					"\"../../../cinder_master/blocks/Cinder-OpenCV3-master/lib/macosx/libopencv_imgproc.a\"",
					"\"../../../cinder_master/blocks/Cinder-OpenCV3-master/lib/macosx/libopencv_ml.a\"",
					"\"../../../cinder_master/blocks/Cinder-OpenCV3-master/lib/macosx/libopencv_objdetect.a\"",
					"\"../../../cinder_master/blocks/Cinder-OpenCV3-master/lib/macosx/libopencv_photo.a\"",
					"\"../../../cinder_master/blocks/Cinder-OpenCV3-master/lib/macosx/libopencv_shape.a\"",
					"\"../../../cinder_master/blocks/Cinder-OpenCV3-master/lib/macosx/libopencv_stitching.a\"",
					"\"../../../cinder_master/blocks/Cinder-OpenCV3-master/lib/macosx/libopencv_superres.a\"",
					"\"../../../cinder_master/blocks/Cinder-OpenCV3-master/lib/macosx/libopencv_video.a\"",
					"\"../../../cinder_master/blocks/Cinder-OpenCV3-master/lib/macosx/libopencv_ts.a\"",
					"\"../../../cinder_master/blocks/Cinder-OpenCV3-master/lib/macosx/libopencv_videoio.a\"",
					"\"../../../cinder_master/blocks/Cinder-OpenCV3-master/lib/macosx/libopencv_videostab.a\"",
					"\"../../../cinder_master/blocks/Cinder-OpenCV3-master/lib/macosx/libippicv.a\"",
					"\"-lz\"",
				);
				PRODUCT_BUNDLE_IDENTIFIER = "org.libcinder.${PRODUCT_NAME:rfc1034identifier}";
				PRODUCT_NAME = Game_PC;
				SYMROOT = ./build;
				WRAPPER_EXTENSION = app;
			};
			name = Debug;
		};
		C01FCF4C08A954540054247B /* Release */ = {
			isa = XCBuildConfiguration;
			buildSettings = {
				COMBINE_HIDPI_IMAGES = YES;
				DEAD_CODE_STRIPPING = YES;
				DEBUG_INFORMATION_FORMAT = "dwarf-with-dsym";
				GCC_FAST_MATH = YES;
				GCC_GENERATE_DEBUGGING_SYMBOLS = NO;
				GCC_INLINES_ARE_PRIVATE_EXTERN = YES;
				GCC_OPTIMIZATION_LEVEL = 3;
				GCC_PRECOMPILE_PREFIX_HEADER = YES;
				GCC_PREFIX_HEADER = Game_PC_Prefix.pch;
				GCC_PREPROCESSOR_DEFINITIONS = (
					"NDEBUG=1",
					"$(inherited)",
				);
				GCC_SYMBOLS_PRIVATE_EXTERN = NO;
				INFOPLIST_FILE = Info.plist;
				INSTALL_PATH = "$(HOME)/Applications";
				OTHER_LDFLAGS = (
					"\"$(CINDER_PATH)/lib/libcinder.a\"",
					"\"../../../cinder_master/blocks/Cinder-OpenCV3-master/lib/macosx/libopencv_calib3d.a\"",
					"\"../../../cinder_master/blocks/Cinder-OpenCV3-master/lib/macosx/libopencv_core.a\"",
					"\"../../../cinder_master/blocks/Cinder-OpenCV3-master/lib/macosx/libopencv_features2d.a\"",
					"\"../../../cinder_master/blocks/Cinder-OpenCV3-master/lib/macosx/libopencv_flann.a\"",
					"\"../../../cinder_master/blocks/Cinder-OpenCV3-master/lib/macosx/libopencv_hal.a\"",
					"\"../../../cinder_master/blocks/Cinder-OpenCV3-master/lib/macosx/libopencv_imgproc.a\"",
					"\"../../../cinder_master/blocks/Cinder-OpenCV3-master/lib/macosx/libopencv_ml.a\"",
					"\"../../../cinder_master/blocks/Cinder-OpenCV3-master/lib/macosx/libopencv_objdetect.a\"",
					"\"../../../cinder_master/blocks/Cinder-OpenCV3-master/lib/macosx/libopencv_photo.a\"",
					"\"../../../cinder_master/blocks/Cinder-OpenCV3-master/lib/macosx/libopencv_shape.a\"",
					"\"../../../cinder_master/blocks/Cinder-OpenCV3-master/lib/macosx/libopencv_stitching.a\"",
					"\"../../../cinder_master/blocks/Cinder-OpenCV3-master/lib/macosx/libopencv_superres.a\"",
					"\"../../../cinder_master/blocks/Cinder-OpenCV3-master/lib/macosx/libopencv_video.a\"",
					"\"../../../cinder_master/blocks/Cinder-OpenCV3-master/lib/macosx/libopencv_ts.a\"",
					"\"../../../cinder_master/blocks/Cinder-OpenCV3-master/lib/macosx/libopencv_videoio.a\"",
					"\"../../../cinder_master/blocks/Cinder-OpenCV3-master/lib/macosx/libopencv_videostab.a\"",
					"\"../../../cinder_master/blocks/Cinder-OpenCV3-master/lib/macosx/libippicv.a\"",
					"\"-lz\"",
				);
				PRODUCT_BUNDLE_IDENTIFIER = "org.libcinder.${PRODUCT_NAME:rfc1034identifier}";
				PRODUCT_NAME = Game_PC;
				STRIP_INSTALLED_PRODUCT = YES;
				SYMROOT = ./build;
				WRAPPER_EXTENSION = app;
			};
			name = Release;
		};
		C01FCF4F08A954540054247B /* Debug */ = {
			isa = XCBuildConfiguration;
			buildSettings = {
				ALWAYS_SEARCH_USER_PATHS = NO;
				CINDER_PATH = ../../../cinder_master;
				CLANG_CXX_LANGUAGE_STANDARD = "c++11";
				CLANG_CXX_LIBRARY = "libc++";
				ENABLE_TESTABILITY = YES;
				GCC_WARN_ABOUT_RETURN_TYPE = YES;
				GCC_WARN_UNUSED_VARIABLE = YES;
				HEADER_SEARCH_PATHS = "\"$(CINDER_PATH)/include\"";
				MACOSX_DEPLOYMENT_TARGET = 10.8;
				ONLY_ACTIVE_ARCH = YES;
				SDKROOT = macosx;
				USER_HEADER_SEARCH_PATHS = "\"$(CINDER_PATH)/include\" ../include \"../../../cinder_master/blocks/Cinder-OpenCV3-master/include\"";
			};
			name = Debug;
		};
		C01FCF5008A954540054247B /* Release */ = {
			isa = XCBuildConfiguration;
			buildSettings = {
				ALWAYS_SEARCH_USER_PATHS = NO;
				CINDER_PATH = ../../../cinder_master;
				CLANG_CXX_LANGUAGE_STANDARD = "c++11";
				CLANG_CXX_LIBRARY = "libc++";
				GCC_WARN_ABOUT_RETURN_TYPE = YES;
				GCC_WARN_UNUSED_VARIABLE = YES;
				HEADER_SEARCH_PATHS = "\"$(CINDER_PATH)/include\"";
				MACOSX_DEPLOYMENT_TARGET = 10.8;
				SDKROOT = macosx;
				USER_HEADER_SEARCH_PATHS = "\"$(CINDER_PATH)/include\" ../include \"../../../cinder_master/blocks/Cinder-OpenCV3-master/include\"";
			};
			name = Release;
		};
/* End XCBuildConfiguration section */

/* Begin XCConfigurationList section */
		C01FCF4A08A954540054247B /* Build configuration list for PBXNativeTarget "Game_PC" */ = {
			isa = XCConfigurationList;
			buildConfigurations = (
				C01FCF4B08A954540054247B /* Debug */,
				C01FCF4C08A954540054247B /* Release */,
			);
			defaultConfigurationIsVisible = 0;
			defaultConfigurationName = Release;
		};
		C01FCF4E08A954540054247B /* Build configuration list for PBXProject "Game_PC" */ = {
			isa = XCConfigurationList;
			buildConfigurations = (
				C01FCF4F08A954540054247B /* Debug */,
				C01FCF5008A954540054247B /* Release */,
			);
			defaultConfigurationIsVisible = 0;
			defaultConfigurationName = Release;
		};
/* End XCConfigurationList section */
	};
	rootObject = 29B97313FDCFA39411CA2CEA /* Project object */;
}
